
Microsoft Visual Studio Solution File, Format Version 12.00
# Visual Studio Version 17
VisualStudioVersion = 17.8.34525.116
MinimumVisualStudioVersion = 10.0.40219.1
Project("{9A19103F-16F7-4668-BE54-9A1E7A4F7556}") = "KampIntro", "KampIntro\KampIntro.csproj", "{BAEDB347-FD42-4A1B-A7E6-9D220545EF15}"
EndProject
Project("{9A19103F-16F7-4668-BE54-9A1E7A4F7556}") = "Donguler", "Donguler\Donguler.csproj", "{E47E4F52-C6D3-4185-AC09-854DC97DFCF5}"
EndProject
Project("{9A19103F-16F7-4668-BE54-9A1E7A4F7556}") = "ClassIntro", "ClassIntro\ClassIntro.csproj", "{E02AB9BA-5004-4CFA-943E-DFF17598F448}"
EndProject
Project("{9A19103F-16F7-4668-BE54-9A1E7A4F7556}") = "HomeWork1", "HomeWork1\HomeWork1.csproj", "{D27A17F1-3FC0-4652-809E-6DE989D8E15E}"
EndProject
Project("{9A19103F-16F7-4668-BE54-9A1E7A4F7556}") = "Methods", "Methods\Methods.csproj", "{C76020B5-9A49-4C9D-BE34-E3ADF29EA939}"
EndProject
Project("{9A19103F-16F7-4668-BE54-9A1E7A4F7556}") = "Matematik", "Maths\Matematik.csproj", "{CAD16218-AC43-46B4-9C73-4624FAD6BB9E}"
EndProject
Project("{9A19103F-16F7-4668-BE54-9A1E7A4F7556}") = "DegerVeReferansTipler", "DegerVeReferansTipler\DegerVeReferansTipler.csproj", "{227BF902-FB81-4029-8B35-CD5F5F86C198}"
EndProject
Project("{FAE04EC0-301F-11D3-BF4B-00C04F79EFBC}") = "OOP1", "OOP1\OOP1.csproj", "{5E25DEFA-9034-4904-8F44-4A87B33C0C27}"
EndProject
Global
	GlobalSection(SolutionConfigurationPlatforms) = preSolution
		Debug|Any CPU = Debug|Any CPU
		Release|Any CPU = Release|Any CPU
	EndGlobalSection
	GlobalSection(ProjectConfigurationPlatforms) = postSolution
		{BAEDB347-FD42-4A1B-A7E6-9D220545EF15}.Debug|Any CPU.ActiveCfg = Debug|Any CPU
		{BAEDB347-FD42-4A1B-A7E6-9D220545EF15}.Debug|Any CPU.Build.0 = Debug|Any CPU
		{BAEDB347-FD42-4A1B-A7E6-9D220545EF15}.Release|Any CPU.ActiveCfg = Release|Any CPU
		{BAEDB347-FD42-4A1B-A7E6-9D220545EF15}.Release|Any CPU.Build.0 = Release|Any CPU
		{E47E4F52-C6D3-4185-AC09-854DC97DFCF5}.Debug|Any CPU.ActiveCfg = Debug|Any CPU
		{E47E4F52-C6D3-4185-AC09-854DC97DFCF5}.Debug|Any CPU.Build.0 = Debug|Any CPU
		{E47E4F52-C6D3-4185-AC09-854DC97DFCF5}.Release|Any CPU.ActiveCfg = Release|Any CPU
		{E47E4F52-C6D3-4185-AC09-854DC97DFCF5}.Release|Any CPU.Build.0 = Release|Any CPU
		{E02AB9BA-5004-4CFA-943E-DFF17598F448}.Debug|Any CPU.ActiveCfg = Debug|Any CPU
		{E02AB9BA-5004-4CFA-943E-DFF17598F448}.Debug|Any CPU.Build.0 = Debug|Any CPU
		{E02AB9BA-5004-4CFA-943E-DFF17598F448}.Release|Any CPU.ActiveCfg = Release|Any CPU
		{E02AB9BA-5004-4CFA-943E-DFF17598F448}.Release|Any CPU.Build.0 = Release|Any CPU
		{D27A17F1-3FC0-4652-809E-6DE989D8E15E}.Debug|Any CPU.ActiveCfg = Debug|Any CPU
		{D27A17F1-3FC0-4652-809E-6DE989D8E15E}.Debug|Any CPU.Build.0 = Debug|Any CPU
		{D27A17F1-3FC0-4652-809E-6DE989D8E15E}.Release|Any CPU.ActiveCfg = Release|Any CPU
		{D27A17F1-3FC0-4652-809E-6DE989D8E15E}.Release|Any CPU.Build.0 = Release|Any CPU
		{C76020B5-9A49-4C9D-BE34-E3ADF29EA939}.Debug|Any CPU.ActiveCfg = Debug|Any CPU
		{C76020B5-9A49-4C9D-BE34-E3ADF29EA939}.Debug|Any CPU.Build.0 = Debug|Any CPU
		{C76020B5-9A49-4C9D-BE34-E3ADF29EA939}.Release|Any CPU.ActiveCfg = Release|Any CPU
		{C76020B5-9A49-4C9D-BE34-E3ADF29EA939}.Release|Any CPU.Build.0 = Release|Any CPU
		{CAD16218-AC43-46B4-9C73-4624FAD6BB9E}.Debug|Any CPU.ActiveCfg = Debug|Any CPU
		{CAD16218-AC43-46B4-9C73-4624FAD6BB9E}.Debug|Any CPU.Build.0 = Debug|Any CPU
		{CAD16218-AC43-46B4-9C73-4624FAD6BB9E}.Release|Any CPU.ActiveCfg = Release|Any CPU
		{CAD16218-AC43-46B4-9C73-4624FAD6BB9E}.Release|Any CPU.Build.0 = Release|Any CPU
		{227BF902-FB81-4029-8B35-CD5F5F86C198}.Debug|Any CPU.ActiveCfg = Debug|Any CPU
		{227BF902-FB81-4029-8B35-CD5F5F86C198}.Debug|Any CPU.Build.0 = Debug|Any CPU
		{227BF902-FB81-4029-8B35-CD5F5F86C198}.Release|Any CPU.ActiveCfg = Release|Any CPU
		{227BF902-FB81-4029-8B35-CD5F5F86C198}.Release|Any CPU.Build.0 = Release|Any CPU
		{5E25DEFA-9034-4904-8F44-4A87B33C0C27}.Debug|Any CPU.ActiveCfg = Debug|Any CPU
		{5E25DEFA-9034-4904-8F44-4A87B33C0C27}.Debug|Any CPU.Build.0 = Debug|Any CPU
		{5E25DEFA-9034-4904-8F44-4A87B33C0C27}.Release|Any CPU.ActiveCfg = Release|Any CPU
		{5E25DEFA-9034-4904-8F44-4A87B33C0C27}.Release|Any CPU.Build.0 = Release|Any CPU
	EndGlobalSection
	GlobalSection(SolutionProperties) = preSolution
		HideSolutionNode = FALSE
	EndGlobalSection
	GlobalSection(ExtensibilityGlobals) = postSolution
		SolutionGuid = {D45CEE64-F9A7-4AA3-810E-E1EF1D640934}
	EndGlobalSection
EndGlobal
