
Microsoft Visual Studio Solution File, Format Version 12.00
# Visual Studio Version 17
VisualStudioVersion = 17.8.34525.116
MinimumVisualStudioVersion = 10.0.40219.1
Project("{9A19103F-16F7-4668-BE54-9A1E7A4F7556}") = "KampIntro", "KampIntro\KampIntro.csproj", "{BAEDB347-FD42-4A1B-A7E6-9D220545EF15}"
EndProject
Project("{9A19103F-16F7-4668-BE54-9A1E7A4F7556}") = "Donguler", "Donguler\Donguler.csproj", "{E47E4F52-C6D3-4185-AC09-854DC97DFCF5}"
EndProject
Project("{9A19103F-16F7-4668-BE54-9A1E7A4F7556}") = "ClassIntro", "ClassIntro\ClassIntro.csproj", "{E02AB9BA-5004-4CFA-943E-DFF17598F448}"
EndProject
Project("{9A19103F-16F7-4668-BE54-9A1E7A4F7556}") = "HomeWork1", "HomeWork1\HomeWork1.csproj", "{D27A17F1-3FC0-4652-809E-6DE989D8E15E}"
EndProject
Project("{9A19103F-16F7-4668-BE54-9A1E7A4F7556}") = "Methods", "Methods\Methods.csproj", "{C76020B5-9A49-4C9D-BE34-E3ADF29EA939}"
EndProject
Project("{9A19103F-16F7-4668-BE54-9A1E7A4F7556}") = "Matematik", "Maths\Matematik.csproj", "{CAD16218-AC43-46B4-9C73-4624FAD6BB9E}"
EndProject
Project("{9A19103F-16F7-4668-BE54-9A1E7A4F7556}") = "DegerVeReferansTipler", "DegerVeReferansTipler\DegerVeReferansTipler.csproj", "{227BF902-FB81-4029-8B35-CD5F5F86C198}"
EndProject
Project("{9A19103F-16F7-4668-BE54-9A1E7A4F7556}") = "OOP1", "OOP1\OOP1.csproj", "{5E25DEFA-9034-4904-8F44-4A87B33C0C27}"
EndProject
Project("{9A19103F-16F7-4668-BE54-9A1E7A4F7556}") = "Collections", "Collections\Collections.csproj", "{8E02CBD0-B0A9-4BFE-9FC6-9FE38E41254D}"
EndProject
Project("{9A19103F-16F7-4668-BE54-9A1E7A4F7556}") = "GenericsIntro", "GenericsIntro\GenericsIntro.csproj", "{898F6E3D-5D1F-4685-A309-CF8BE06B51CB}"
EndProject
Project("{9A19103F-16F7-4668-BE54-9A1E7A4F7556}") = "ReferenceTypes", "ReferenceTypes\ReferenceTypes.csproj", "{56B6638E-7A56-4108-A7F3-1A597D1A5546}"
EndProject
Project("{9A19103F-16F7-4668-BE54-9A1E7A4F7556}") = "Contructors", "Contructors\Contructors.csproj", "{1C5D1D38-A2A6-4C4B-B0A6-B6C42A6C5F54}"
EndProject
Project("{9A19103F-16F7-4668-BE54-9A1E7A4F7556}") = "Generics", "Generics\Generics.csproj", "{DEBBE458-B0A3-4193-8FAC-50BF56FA22FD}"
EndProject
Project("{9A19103F-16F7-4668-BE54-9A1E7A4F7556}") = "DictionaryHomeWork", "DictionaryHomeWork\DictionaryHomeWork.csproj", "{6980AB83-549E-4C90-B60E-A4B4FDB90703}"
EndProject
Project("{9A19103F-16F7-4668-BE54-9A1E7A4F7556}") = "DictionaryHomeWork2", "DictionaryHomeWork2\DictionaryHomeWork2.csproj", "{C885C3E4-8289-453C-A920-30259361A683}"
EndProject
Project("{9A19103F-16F7-4668-BE54-9A1E7A4F7556}") = "OOP2", "OOP2\OOP2.csproj", "{5B80E9DE-941F-45D7-815E-CFA99973E6F5}"
EndProject
Project("{9A19103F-16F7-4668-BE54-9A1E7A4F7556}") = "OOP3", "OOP3\OOP3.csproj", "{16890429-4D9F-453D-A3B2-AB9BB5B59A2C}"
EndProject
Project("{FAE04EC0-301F-11D3-BF4B-00C04F79EFBC}") = "RecapDemo1", "RecapDemo1\RecapDemo1.csproj", "{5611C7AE-DC68-485D-853E-B5C48BD1772B}"
EndProject
Project("{FAE04EC0-301F-11D3-BF4B-00C04F79EFBC}") = "InterfaceAbstractDemo", "InterfaceAbstractDemo\InterfaceAbstractDemo.csproj", "{A1E20C2C-47AB-4BBC-89E8-FC3ADF45D6B0}"
EndProject
Global
	GlobalSection(SolutionConfigurationPlatforms) = preSolution
		Debug|Any CPU = Debug|Any CPU
		Release|Any CPU = Release|Any CPU
	EndGlobalSection
	GlobalSection(ProjectConfigurationPlatforms) = postSolution
		{BAEDB347-FD42-4A1B-A7E6-9D220545EF15}.Debug|Any CPU.ActiveCfg = Debug|Any CPU
		{BAEDB347-FD42-4A1B-A7E6-9D220545EF15}.Debug|Any CPU.Build.0 = Debug|Any CPU
		{BAEDB347-FD42-4A1B-A7E6-9D220545EF15}.Release|Any CPU.ActiveCfg = Release|Any CPU
		{BAEDB347-FD42-4A1B-A7E6-9D220545EF15}.Release|Any CPU.Build.0 = Release|Any CPU
		{E47E4F52-C6D3-4185-AC09-854DC97DFCF5}.Debug|Any CPU.ActiveCfg = Debug|Any CPU
		{E47E4F52-C6D3-4185-AC09-854DC97DFCF5}.Debug|Any CPU.Build.0 = Debug|Any CPU
		{E47E4F52-C6D3-4185-AC09-854DC97DFCF5}.Release|Any CPU.ActiveCfg = Release|Any CPU
		{E47E4F52-C6D3-4185-AC09-854DC97DFCF5}.Release|Any CPU.Build.0 = Release|Any CPU
		{E02AB9BA-5004-4CFA-943E-DFF17598F448}.Debug|Any CPU.ActiveCfg = Debug|Any CPU
		{E02AB9BA-5004-4CFA-943E-DFF17598F448}.Debug|Any CPU.Build.0 = Debug|Any CPU
		{E02AB9BA-5004-4CFA-943E-DFF17598F448}.Release|Any CPU.ActiveCfg = Release|Any CPU
		{E02AB9BA-5004-4CFA-943E-DFF17598F448}.Release|Any CPU.Build.0 = Release|Any CPU
		{D27A17F1-3FC0-4652-809E-6DE989D8E15E}.Debug|Any CPU.ActiveCfg = Debug|Any CPU
		{D27A17F1-3FC0-4652-809E-6DE989D8E15E}.Debug|Any CPU.Build.0 = Debug|Any CPU
		{D27A17F1-3FC0-4652-809E-6DE989D8E15E}.Release|Any CPU.ActiveCfg = Release|Any CPU
		{D27A17F1-3FC0-4652-809E-6DE989D8E15E}.Release|Any CPU.Build.0 = Release|Any CPU
		{C76020B5-9A49-4C9D-BE34-E3ADF29EA939}.Debug|Any CPU.ActiveCfg = Debug|Any CPU
		{C76020B5-9A49-4C9D-BE34-E3ADF29EA939}.Debug|Any CPU.Build.0 = Debug|Any CPU
		{C76020B5-9A49-4C9D-BE34-E3ADF29EA939}.Release|Any CPU.ActiveCfg = Release|Any CPU
		{C76020B5-9A49-4C9D-BE34-E3ADF29EA939}.Release|Any CPU.Build.0 = Release|Any CPU
		{CAD16218-AC43-46B4-9C73-4624FAD6BB9E}.Debug|Any CPU.ActiveCfg = Debug|Any CPU
		{CAD16218-AC43-46B4-9C73-4624FAD6BB9E}.Debug|Any CPU.Build.0 = Debug|Any CPU
		{CAD16218-AC43-46B4-9C73-4624FAD6BB9E}.Release|Any CPU.ActiveCfg = Release|Any CPU
		{CAD16218-AC43-46B4-9C73-4624FAD6BB9E}.Release|Any CPU.Build.0 = Release|Any CPU
		{227BF902-FB81-4029-8B35-CD5F5F86C198}.Debug|Any CPU.ActiveCfg = Debug|Any CPU
		{227BF902-FB81-4029-8B35-CD5F5F86C198}.Debug|Any CPU.Build.0 = Debug|Any CPU
		{227BF902-FB81-4029-8B35-CD5F5F86C198}.Release|Any CPU.ActiveCfg = Release|Any CPU
		{227BF902-FB81-4029-8B35-CD5F5F86C198}.Release|Any CPU.Build.0 = Release|Any CPU
		{5E25DEFA-9034-4904-8F44-4A87B33C0C27}.Debug|Any CPU.ActiveCfg = Debug|Any CPU
		{5E25DEFA-9034-4904-8F44-4A87B33C0C27}.Debug|Any CPU.Build.0 = Debug|Any CPU
		{5E25DEFA-9034-4904-8F44-4A87B33C0C27}.Release|Any CPU.ActiveCfg = Release|Any CPU
		{5E25DEFA-9034-4904-8F44-4A87B33C0C27}.Release|Any CPU.Build.0 = Release|Any CPU
		{8E02CBD0-B0A9-4BFE-9FC6-9FE38E41254D}.Debug|Any CPU.ActiveCfg = Debug|Any CPU
		{8E02CBD0-B0A9-4BFE-9FC6-9FE38E41254D}.Debug|Any CPU.Build.0 = Debug|Any CPU
		{8E02CBD0-B0A9-4BFE-9FC6-9FE38E41254D}.Release|Any CPU.ActiveCfg = Release|Any CPU
		{8E02CBD0-B0A9-4BFE-9FC6-9FE38E41254D}.Release|Any CPU.Build.0 = Release|Any CPU
		{898F6E3D-5D1F-4685-A309-CF8BE06B51CB}.Debug|Any CPU.ActiveCfg = Debug|Any CPU
		{898F6E3D-5D1F-4685-A309-CF8BE06B51CB}.Debug|Any CPU.Build.0 = Debug|Any CPU
		{898F6E3D-5D1F-4685-A309-CF8BE06B51CB}.Release|Any CPU.ActiveCfg = Release|Any CPU
		{898F6E3D-5D1F-4685-A309-CF8BE06B51CB}.Release|Any CPU.Build.0 = Release|Any CPU
		{56B6638E-7A56-4108-A7F3-1A597D1A5546}.Debug|Any CPU.ActiveCfg = Debug|Any CPU
		{56B6638E-7A56-4108-A7F3-1A597D1A5546}.Debug|Any CPU.Build.0 = Debug|Any CPU
		{56B6638E-7A56-4108-A7F3-1A597D1A5546}.Release|Any CPU.ActiveCfg = Release|Any CPU
		{56B6638E-7A56-4108-A7F3-1A597D1A5546}.Release|Any CPU.Build.0 = Release|Any CPU
		{1C5D1D38-A2A6-4C4B-B0A6-B6C42A6C5F54}.Debug|Any CPU.ActiveCfg = Debug|Any CPU
		{1C5D1D38-A2A6-4C4B-B0A6-B6C42A6C5F54}.Debug|Any CPU.Build.0 = Debug|Any CPU
		{1C5D1D38-A2A6-4C4B-B0A6-B6C42A6C5F54}.Release|Any CPU.ActiveCfg = Release|Any CPU
		{1C5D1D38-A2A6-4C4B-B0A6-B6C42A6C5F54}.Release|Any CPU.Build.0 = Release|Any CPU
		{DEBBE458-B0A3-4193-8FAC-50BF56FA22FD}.Debug|Any CPU.ActiveCfg = Debug|Any CPU
		{DEBBE458-B0A3-4193-8FAC-50BF56FA22FD}.Debug|Any CPU.Build.0 = Debug|Any CPU
		{DEBBE458-B0A3-4193-8FAC-50BF56FA22FD}.Release|Any CPU.ActiveCfg = Release|Any CPU
		{DEBBE458-B0A3-4193-8FAC-50BF56FA22FD}.Release|Any CPU.Build.0 = Release|Any CPU
		{6980AB83-549E-4C90-B60E-A4B4FDB90703}.Debug|Any CPU.ActiveCfg = Debug|Any CPU
		{6980AB83-549E-4C90-B60E-A4B4FDB90703}.Debug|Any CPU.Build.0 = Debug|Any CPU
		{6980AB83-549E-4C90-B60E-A4B4FDB90703}.Release|Any CPU.ActiveCfg = Release|Any CPU
		{6980AB83-549E-4C90-B60E-A4B4FDB90703}.Release|Any CPU.Build.0 = Release|Any CPU
		{C885C3E4-8289-453C-A920-30259361A683}.Debug|Any CPU.ActiveCfg = Debug|Any CPU
		{C885C3E4-8289-453C-A920-30259361A683}.Debug|Any CPU.Build.0 = Debug|Any CPU
		{C885C3E4-8289-453C-A920-30259361A683}.Release|Any CPU.ActiveCfg = Release|Any CPU
		{C885C3E4-8289-453C-A920-30259361A683}.Release|Any CPU.Build.0 = Release|Any CPU
		{5B80E9DE-941F-45D7-815E-CFA99973E6F5}.Debug|Any CPU.ActiveCfg = Debug|Any CPU
		{5B80E9DE-941F-45D7-815E-CFA99973E6F5}.Debug|Any CPU.Build.0 = Debug|Any CPU
		{5B80E9DE-941F-45D7-815E-CFA99973E6F5}.Release|Any CPU.ActiveCfg = Release|Any CPU
		{5B80E9DE-941F-45D7-815E-CFA99973E6F5}.Release|Any CPU.Build.0 = Release|Any CPU
		{16890429-4D9F-453D-A3B2-AB9BB5B59A2C}.Debug|Any CPU.ActiveCfg = Debug|Any CPU
		{16890429-4D9F-453D-A3B2-AB9BB5B59A2C}.Debug|Any CPU.Build.0 = Debug|Any CPU
		{16890429-4D9F-453D-A3B2-AB9BB5B59A2C}.Release|Any CPU.ActiveCfg = Release|Any CPU
		{16890429-4D9F-453D-A3B2-AB9BB5B59A2C}.Release|Any CPU.Build.0 = Release|Any CPU
		{5611C7AE-DC68-485D-853E-B5C48BD1772B}.Debug|Any CPU.ActiveCfg = Debug|Any CPU
		{5611C7AE-DC68-485D-853E-B5C48BD1772B}.Debug|Any CPU.Build.0 = Debug|Any CPU
		{5611C7AE-DC68-485D-853E-B5C48BD1772B}.Release|Any CPU.ActiveCfg = Release|Any CPU
		{5611C7AE-DC68-485D-853E-B5C48BD1772B}.Release|Any CPU.Build.0 = Release|Any CPU
		{A1E20C2C-47AB-4BBC-89E8-FC3ADF45D6B0}.Debug|Any CPU.ActiveCfg = Debug|Any CPU
		{A1E20C2C-47AB-4BBC-89E8-FC3ADF45D6B0}.Debug|Any CPU.Build.0 = Debug|Any CPU
		{A1E20C2C-47AB-4BBC-89E8-FC3ADF45D6B0}.Release|Any CPU.ActiveCfg = Release|Any CPU
		{A1E20C2C-47AB-4BBC-89E8-FC3ADF45D6B0}.Release|Any CPU.Build.0 = Release|Any CPU
	EndGlobalSection
	GlobalSection(SolutionProperties) = preSolution
		HideSolutionNode = FALSE
	EndGlobalSection
	GlobalSection(ExtensibilityGlobals) = postSolution
		SolutionGuid = {D45CEE64-F9A7-4AA3-810E-E1EF1D640934}
	EndGlobalSection
EndGlobal
